
Microsoft Visual Studio Solution File, Format Version 12.00
# Visual Studio Version 17
VisualStudioVersion = 17.3.32929.385
MinimumVisualStudioVersion = 10.0.40219.1
Project("{FAE04EC0-301F-11D3-BF4B-00C04F79EFBC}") = "ASSIGNMENTMID", "ASSIGNMENTMID\ASSIGNMENTMID.csproj", "{DDB09059-A356-453F-9439-2AB57DFF849B}"
EndProject
Global
	GlobalSection(SolutionConfigurationPlatforms) = preSolution
		Debug|Any CPU = Debug|Any CPU
		Release|Any CPU = Release|Any CPU
	EndGlobalSection
	GlobalSection(ProjectConfigurationPlatforms) = postSolution
		{DDB09059-A356-453F-9439-2AB57DFF849B}.Debug|Any CPU.ActiveCfg = Debug|Any CPU
		{DDB09059-A356-453F-9439-2AB57DFF849B}.Debug|Any CPU.Build.0 = Debug|Any CPU
		{DDB09059-A356-453F-9439-2AB57DFF849B}.Release|Any CPU.ActiveCfg = Release|Any CPU
		{DDB09059-A356-453F-9439-2AB57DFF849B}.Release|Any CPU.Build.0 = Release|Any CPU
	EndGlobalSection
	GlobalSection(SolutionProperties) = preSolution
		HideSolutionNode = FALSE
	EndGlobalSection
	GlobalSection(ExtensibilityGlobals) = postSolution
		SolutionGuid = {FB40B628-4399-45CC-9BE4-2ED57C96B5B5}
	EndGlobalSection
EndGlobal
